
Microsoft Visual Studio Solution File, Format Version 12.00
# Visual Studio Version 16
VisualStudioVersion = 16.0.30204.135
MinimumVisualStudioVersion = 10.0.40219.1
Project("{9A19103F-16F7-4668-BE54-9A1E7A4F7556}") = "DAL", "DAL.csproj", "{E8F2E900-BF71-4992-905D-9E0F26F10036}"
EndProject
Project("{9A19103F-16F7-4668-BE54-9A1E7A4F7556}") = "DAL.Tests", "..\DAL.Tests\DAL.Tests.csproj", "{BEEC4BEE-0EE8-41DC-BB1B-3C46E064745E}"
EndProject
Project("{9A19103F-16F7-4668-BE54-9A1E7A4F7556}") = "BLL", "..\BLL\BLL.csproj", "{A9EC7325-A723-49AF-98EC-D81E51FC7563}"
EndProject
Project("{FAE04EC0-301F-11D3-BF4B-00C04F79EFBC}") = "CCL", "..\CCL\CCL.csproj", "{52E03CB6-674D-464F-BE30-7B82E23B7487}"
EndProject
Project("{FAE04EC0-301F-11D3-BF4B-00C04F79EFBC}") = "BLL.Tests", "..\BLL.Tests\BLL.Tests.csproj", "{898B3C88-BFF5-4371-9AC1-4CDBC7E2CD80}"
EndProject
Global
	GlobalSection(SolutionConfigurationPlatforms) = preSolution
		Debug|Any CPU = Debug|Any CPU
		Release|Any CPU = Release|Any CPU
	EndGlobalSection
	GlobalSection(ProjectConfigurationPlatforms) = postSolution
		{E8F2E900-BF71-4992-905D-9E0F26F10036}.Debug|Any CPU.ActiveCfg = Debug|Any CPU
		{E8F2E900-BF71-4992-905D-9E0F26F10036}.Debug|Any CPU.Build.0 = Debug|Any CPU
		{E8F2E900-BF71-4992-905D-9E0F26F10036}.Release|Any CPU.ActiveCfg = Release|Any CPU
		{E8F2E900-BF71-4992-905D-9E0F26F10036}.Release|Any CPU.Build.0 = Release|Any CPU
		{BEEC4BEE-0EE8-41DC-BB1B-3C46E064745E}.Debug|Any CPU.ActiveCfg = Debug|Any CPU
		{BEEC4BEE-0EE8-41DC-BB1B-3C46E064745E}.Debug|Any CPU.Build.0 = Debug|Any CPU
		{BEEC4BEE-0EE8-41DC-BB1B-3C46E064745E}.Release|Any CPU.ActiveCfg = Release|Any CPU
		{BEEC4BEE-0EE8-41DC-BB1B-3C46E064745E}.Release|Any CPU.Build.0 = Release|Any CPU
		{A9EC7325-A723-49AF-98EC-D81E51FC7563}.Debug|Any CPU.ActiveCfg = Debug|Any CPU
		{A9EC7325-A723-49AF-98EC-D81E51FC7563}.Debug|Any CPU.Build.0 = Debug|Any CPU
		{A9EC7325-A723-49AF-98EC-D81E51FC7563}.Release|Any CPU.ActiveCfg = Release|Any CPU
		{A9EC7325-A723-49AF-98EC-D81E51FC7563}.Release|Any CPU.Build.0 = Release|Any CPU
		{52E03CB6-674D-464F-BE30-7B82E23B7487}.Debug|Any CPU.ActiveCfg = Debug|Any CPU
		{52E03CB6-674D-464F-BE30-7B82E23B7487}.Debug|Any CPU.Build.0 = Debug|Any CPU
		{52E03CB6-674D-464F-BE30-7B82E23B7487}.Release|Any CPU.ActiveCfg = Release|Any CPU
		{52E03CB6-674D-464F-BE30-7B82E23B7487}.Release|Any CPU.Build.0 = Release|Any CPU
		{898B3C88-BFF5-4371-9AC1-4CDBC7E2CD80}.Debug|Any CPU.ActiveCfg = Debug|Any CPU
		{898B3C88-BFF5-4371-9AC1-4CDBC7E2CD80}.Debug|Any CPU.Build.0 = Debug|Any CPU
		{898B3C88-BFF5-4371-9AC1-4CDBC7E2CD80}.Release|Any CPU.ActiveCfg = Release|Any CPU
		{898B3C88-BFF5-4371-9AC1-4CDBC7E2CD80}.Release|Any CPU.Build.0 = Release|Any CPU
	EndGlobalSection
	GlobalSection(SolutionProperties) = preSolution
		HideSolutionNode = FALSE
	EndGlobalSection
	GlobalSection(ExtensibilityGlobals) = postSolution
		SolutionGuid = {7D36357B-9807-486E-9365-7A51B26877B4}
	EndGlobalSection
EndGlobal
