
Microsoft Visual Studio Solution File, Format Version 12.00
# Visual Studio Version 16
VisualStudioVersion = 16.0.30104.148
MinimumVisualStudioVersion = 10.0.40219.1
Project("{FAE04EC0-301F-11D3-BF4B-00C04F79EFBC}") = "TRPZ_13", "TRPZ_13.csproj", "{57286BC1-53A0-43AD-96F3-8B8CBBAF8DE1}"
EndProject
Global
	GlobalSection(SolutionConfigurationPlatforms) = preSolution
		Debug|Any CPU = Debug|Any CPU
		Release|Any CPU = Release|Any CPU
	EndGlobalSection
	GlobalSection(ProjectConfigurationPlatforms) = postSolution
		{57286BC1-53A0-43AD-96F3-8B8CBBAF8DE1}.Debug|Any CPU.ActiveCfg = Debug|Any CPU
		{57286BC1-53A0-43AD-96F3-8B8CBBAF8DE1}.Debug|Any CPU.Build.0 = Debug|Any CPU
		{57286BC1-53A0-43AD-96F3-8B8CBBAF8DE1}.Release|Any CPU.ActiveCfg = Release|Any CPU
		{57286BC1-53A0-43AD-96F3-8B8CBBAF8DE1}.Release|Any CPU.Build.0 = Release|Any CPU
	EndGlobalSection
	GlobalSection(SolutionProperties) = preSolution
		HideSolutionNode = FALSE
	EndGlobalSection
	GlobalSection(ExtensibilityGlobals) = postSolution
		SolutionGuid = {360E0233-0CD0-4FB2-B49C-2CE7D3D75515}
	EndGlobalSection
EndGlobal
